// !$*UTF8*$!
{
	archiveVersion = 1;
	classes = {
	};
	objectVersion = 51;
	objects = {

/* Begin PBXBuildFile section */
		1A929D7F8028C0F322AAE261 /* Pods_Steaker.framework in Frameworks */ = {isa = PBXBuildFile; fileRef = 7B5DF8A23895B9E872935BD4 /* Pods_Steaker.framework */; };
		513E9A0F25371F9400FB9093 /* UIButtonExtension.swift in Sources */ = {isa = PBXBuildFile; fileRef = 513E9A0E25371F9400FB9093 /* UIButtonExtension.swift */; };
		519666CD252E234900BC78D2 /* Uwagi.strings in Resources */ = {isa = PBXBuildFile; fileRef = 519666CC252E234900BC78D2 /* Uwagi.strings */; };
		D700A51925175353002F3D54 /* AppDelegate.swift in Sources */ = {isa = PBXBuildFile; fileRef = D700A51825175353002F3D54 /* AppDelegate.swift */; };
		D700A51B25175353002F3D54 /* SceneDelegate.swift in Sources */ = {isa = PBXBuildFile; fileRef = D700A51A25175353002F3D54 /* SceneDelegate.swift */; };
		D700A51D25175353002F3D54 /* MainViewController.swift in Sources */ = {isa = PBXBuildFile; fileRef = D700A51C25175353002F3D54 /* MainViewController.swift */; };
		D700A52025175353002F3D54 /* Main.storyboard in Resources */ = {isa = PBXBuildFile; fileRef = D700A51E25175353002F3D54 /* Main.storyboard */; };
		D700A52225175355002F3D54 /* Assets.xcassets in Resources */ = {isa = PBXBuildFile; fileRef = D700A52125175355002F3D54 /* Assets.xcassets */; };
		D700A52525175355002F3D54 /* LaunchScreen.storyboard in Resources */ = {isa = PBXBuildFile; fileRef = D700A52325175355002F3D54 /* LaunchScreen.storyboard */; };
		D700A5302517761E002F3D54 /* HistoryViewController.swift in Sources */ = {isa = PBXBuildFile; fileRef = D700A52F2517761E002F3D54 /* HistoryViewController.swift */; };
		D700A53225177B8C002F3D54 /* DetailsViewController.swift in Sources */ = {isa = PBXBuildFile; fileRef = D700A53125177B8C002F3D54 /* DetailsViewController.swift */; };
		D700A53625177FB0002F3D54 /* Constants.swift in Sources */ = {isa = PBXBuildFile; fileRef = D700A53525177FB0002F3D54 /* Constants.swift */; };
		D700A54125178B03002F3D54 /* PropertyCell.swift in Sources */ = {isa = PBXBuildFile; fileRef = D700A53F25178B03002F3D54 /* PropertyCell.swift */; };
		D700A54225178B03002F3D54 /* PropertyCell.xib in Resources */ = {isa = PBXBuildFile; fileRef = D700A54025178B03002F3D54 /* PropertyCell.xib */; };
		D700A54425178D41002F3D54 /* PropertiesViewController.swift in Sources */ = {isa = PBXBuildFile; fileRef = D700A54325178D41002F3D54 /* PropertiesViewController.swift */; };
		D700A54625178D76002F3D54 /* Property.swift in Sources */ = {isa = PBXBuildFile; fileRef = D700A54525178D76002F3D54 /* Property.swift */; };
		D700A5482517995A002F3D54 /* PropertyFactory.swift in Sources */ = {isa = PBXBuildFile; fileRef = D700A5472517995A002F3D54 /* PropertyFactory.swift */; };
		D700A54C2517C0B5002F3D54 /* CookingViewController.swift in Sources */ = {isa = PBXBuildFile; fileRef = D700A54B2517C0B5002F3D54 /* CookingViewController.swift */; };
		D73875B8251FC7A4009A575A /* SwipeTableViewController.swift in Sources */ = {isa = PBXBuildFile; fileRef = D73875B7251FC7A4009A575A /* SwipeTableViewController.swift */; };
		D7ABA4DA251D27EF004712E5 /* HistoryItem.swift in Sources */ = {isa = PBXBuildFile; fileRef = D7ABA4D9251D27EF004712E5 /* HistoryItem.swift */; };
		D7C5E65625189F2C00A9F2D4 /* History.swift in Sources */ = {isa = PBXBuildFile; fileRef = D7C5E65525189F2C00A9F2D4 /* History.swift */; };
		D7E748F125209398008C98EE /* bell.wav in Resources */ = {isa = PBXBuildFile; fileRef = D7E748F025209398008C98EE /* bell.wav */; };
		D7E99AF42537459200A48292 /* RealmManager.swift in Sources */ = {isa = PBXBuildFile; fileRef = D7E99AF32537459200A48292 /* RealmManager.swift */; };
		D7E99AF62537488500A48292 /* TextAlert.swift in Sources */ = {isa = PBXBuildFile; fileRef = D7E99AF52537488500A48292 /* TextAlert.swift */; };
		D7E99AFD25377BF100A48292 /* AlertTextField.swift in Sources */ = {isa = PBXBuildFile; fileRef = D7E99AFC25377BF100A48292 /* AlertTextField.swift */; };
/* End PBXBuildFile section */

/* Begin PBXFileReference section */
		2B1606C577821610F3FF6317 /* Pods-Steaker.debug.xcconfig */ = {isa = PBXFileReference; includeInIndex = 1; lastKnownFileType = text.xcconfig; name = "Pods-Steaker.debug.xcconfig"; path = "Target Support Files/Pods-Steaker/Pods-Steaker.debug.xcconfig"; sourceTree = "<group>"; };
		513E9A0E25371F9400FB9093 /* UIButtonExtension.swift */ = {isa = PBXFileReference; lastKnownFileType = sourcecode.swift; path = UIButtonExtension.swift; sourceTree = "<group>"; };
		519666CC252E234900BC78D2 /* Uwagi.strings */ = {isa = PBXFileReference; lastKnownFileType = text.plist.strings; path = Uwagi.strings; sourceTree = "<group>"; };
		7B5DF8A23895B9E872935BD4 /* Pods_Steaker.framework */ = {isa = PBXFileReference; explicitFileType = wrapper.framework; includeInIndex = 0; path = Pods_Steaker.framework; sourceTree = BUILT_PRODUCTS_DIR; };
		D700A51525175353002F3D54 /* Steaker.app */ = {isa = PBXFileReference; explicitFileType = wrapper.application; includeInIndex = 0; path = Steaker.app; sourceTree = BUILT_PRODUCTS_DIR; };
		D700A51825175353002F3D54 /* AppDelegate.swift */ = {isa = PBXFileReference; lastKnownFileType = sourcecode.swift; path = AppDelegate.swift; sourceTree = "<group>"; };
		D700A51A25175353002F3D54 /* SceneDelegate.swift */ = {isa = PBXFileReference; lastKnownFileType = sourcecode.swift; path = SceneDelegate.swift; sourceTree = "<group>"; };
		D700A51C25175353002F3D54 /* MainViewController.swift */ = {isa = PBXFileReference; lastKnownFileType = sourcecode.swift; path = MainViewController.swift; sourceTree = "<group>"; };
		D700A51F25175353002F3D54 /* Base */ = {isa = PBXFileReference; lastKnownFileType = file.storyboard; name = Base; path = Base.lproj/Main.storyboard; sourceTree = "<group>"; };
		D700A52125175355002F3D54 /* Assets.xcassets */ = {isa = PBXFileReference; lastKnownFileType = folder.assetcatalog; path = Assets.xcassets; sourceTree = "<group>"; };
		D700A52425175355002F3D54 /* Base */ = {isa = PBXFileReference; lastKnownFileType = file.storyboard; name = Base; path = Base.lproj/LaunchScreen.storyboard; sourceTree = "<group>"; };
		D700A52625175355002F3D54 /* Info.plist */ = {isa = PBXFileReference; lastKnownFileType = text.plist.xml; path = Info.plist; sourceTree = "<group>"; };
		D700A52F2517761E002F3D54 /* HistoryViewController.swift */ = {isa = PBXFileReference; lastKnownFileType = sourcecode.swift; path = HistoryViewController.swift; sourceTree = "<group>"; };
		D700A53125177B8C002F3D54 /* DetailsViewController.swift */ = {isa = PBXFileReference; lastKnownFileType = sourcecode.swift; path = DetailsViewController.swift; sourceTree = "<group>"; };
		D700A53525177FB0002F3D54 /* Constants.swift */ = {isa = PBXFileReference; lastKnownFileType = sourcecode.swift; path = Constants.swift; sourceTree = "<group>"; };
		D700A53F25178B03002F3D54 /* PropertyCell.swift */ = {isa = PBXFileReference; lastKnownFileType = sourcecode.swift; path = PropertyCell.swift; sourceTree = "<group>"; };
		D700A54025178B03002F3D54 /* PropertyCell.xib */ = {isa = PBXFileReference; lastKnownFileType = file.xib; path = PropertyCell.xib; sourceTree = "<group>"; };
		D700A54325178D41002F3D54 /* PropertiesViewController.swift */ = {isa = PBXFileReference; lastKnownFileType = sourcecode.swift; path = PropertiesViewController.swift; sourceTree = "<group>"; };
		D700A54525178D76002F3D54 /* Property.swift */ = {isa = PBXFileReference; lastKnownFileType = sourcecode.swift; path = Property.swift; sourceTree = "<group>"; };
		D700A5472517995A002F3D54 /* PropertyFactory.swift */ = {isa = PBXFileReference; lastKnownFileType = sourcecode.swift; path = PropertyFactory.swift; sourceTree = "<group>"; };
		D700A54B2517C0B5002F3D54 /* CookingViewController.swift */ = {isa = PBXFileReference; lastKnownFileType = sourcecode.swift; path = CookingViewController.swift; sourceTree = "<group>"; };
		D73875B7251FC7A4009A575A /* SwipeTableViewController.swift */ = {isa = PBXFileReference; lastKnownFileType = sourcecode.swift; path = SwipeTableViewController.swift; sourceTree = "<group>"; };
		D7ABA4D9251D27EF004712E5 /* HistoryItem.swift */ = {isa = PBXFileReference; lastKnownFileType = sourcecode.swift; path = HistoryItem.swift; sourceTree = "<group>"; };
		D7C5E65525189F2C00A9F2D4 /* History.swift */ = {isa = PBXFileReference; lastKnownFileType = sourcecode.swift; path = History.swift; sourceTree = "<group>"; };
		D7E748F025209398008C98EE /* bell.wav */ = {isa = PBXFileReference; lastKnownFileType = audio.wav; path = bell.wav; sourceTree = "<group>"; };
		D7E99AF32537459200A48292 /* RealmManager.swift */ = {isa = PBXFileReference; lastKnownFileType = sourcecode.swift; path = RealmManager.swift; sourceTree = "<group>"; };
		D7E99AF52537488500A48292 /* TextAlert.swift */ = {isa = PBXFileReference; lastKnownFileType = sourcecode.swift; path = TextAlert.swift; sourceTree = "<group>"; };
		D7E99AFC25377BF100A48292 /* AlertTextField.swift */ = {isa = PBXFileReference; lastKnownFileType = sourcecode.swift; path = AlertTextField.swift; sourceTree = "<group>"; };
		F5F0D2512BA19539294653BD /* Pods-Steaker.release.xcconfig */ = {isa = PBXFileReference; includeInIndex = 1; lastKnownFileType = text.xcconfig; name = "Pods-Steaker.release.xcconfig"; path = "Target Support Files/Pods-Steaker/Pods-Steaker.release.xcconfig"; sourceTree = "<group>"; };
/* End PBXFileReference section */

/* Begin PBXFrameworksBuildPhase section */
		D700A51225175353002F3D54 /* Frameworks */ = {
			isa = PBXFrameworksBuildPhase;
			buildActionMask = 2147483647;
			files = (
				1A929D7F8028C0F322AAE261 /* Pods_Steaker.framework in Frameworks */,
			);
			runOnlyForDeploymentPostprocessing = 0;
		};
/* End PBXFrameworksBuildPhase section */

/* Begin PBXGroup section */
		1C19B2ADE8C93AFE2A535E0F /* Pods */ = {
			isa = PBXGroup;
			children = (
				2B1606C577821610F3FF6317 /* Pods-Steaker.debug.xcconfig */,
				F5F0D2512BA19539294653BD /* Pods-Steaker.release.xcconfig */,
			);
			path = Pods;
			sourceTree = "<group>";
		};
		513E9A0B25371F7100FB9093 /* Resources */ = {
			isa = PBXGroup;
			children = (
				513E9A0C25371F7A00FB9093 /* CoreExtension */,
			);
			path = Resources;
			sourceTree = "<group>";
		};
		513E9A0C25371F7A00FB9093 /* CoreExtension */ = {
			isa = PBXGroup;
			children = (
				513E9A0E25371F9400FB9093 /* UIButtonExtension.swift */,
			);
			path = CoreExtension;
			sourceTree = "<group>";
		};
		B140AD37E756F1E1CAD40850 /* Frameworks */ = {
			isa = PBXGroup;
			children = (
				7B5DF8A23895B9E872935BD4 /* Pods_Steaker.framework */,
			);
			name = Frameworks;
			sourceTree = "<group>";
		};
		D700A50C25175353002F3D54 = {
			isa = PBXGroup;
			children = (
				D700A51725175353002F3D54 /* Steaker */,
				D700A51625175353002F3D54 /* Products */,
				1C19B2ADE8C93AFE2A535E0F /* Pods */,
				B140AD37E756F1E1CAD40850 /* Frameworks */,
			);
			sourceTree = "<group>";
		};
		D700A51625175353002F3D54 /* Products */ = {
			isa = PBXGroup;
			children = (
				D700A51525175353002F3D54 /* Steaker.app */,
			);
			name = Products;
			sourceTree = "<group>";
		};
		D700A51725175353002F3D54 /* Steaker */ = {
			isa = PBXGroup;
			children = (
				513E9A0B25371F7100FB9093 /* Resources */,
				D7E748EF2520938D008C98EE /* Sounds */,
				D700A51825175353002F3D54 /* AppDelegate.swift */,
				D700A51A25175353002F3D54 /* SceneDelegate.swift */,
				D700A52C25175359002F3D54 /* Model */,
				D700A52D2517535F002F3D54 /* View */,
				D700A52E25175364002F3D54 /* Controller */,
				D700A52125175355002F3D54 /* Assets.xcassets */,
				D700A52325175355002F3D54 /* LaunchScreen.storyboard */,
				D700A52625175355002F3D54 /* Info.plist */,
				D700A53525177FB0002F3D54 /* Constants.swift */,
				519666CC252E234900BC78D2 /* Uwagi.strings */,
			);
			path = Steaker;
			sourceTree = "<group>";
		};
		D700A52C25175359002F3D54 /* Model */ = {
			isa = PBXGroup;
			children = (
				D700A54525178D76002F3D54 /* Property.swift */,
				D700A5472517995A002F3D54 /* PropertyFactory.swift */,
				D7C5E65525189F2C00A9F2D4 /* History.swift */,
				D7ABA4D9251D27EF004712E5 /* HistoryItem.swift */,
				D7E99AF32537459200A48292 /* RealmManager.swift */,
				D7E99AF52537488500A48292 /* TextAlert.swift */,
				D7E99AFC25377BF100A48292 /* AlertTextField.swift */,
			);
			path = Model;
			sourceTree = "<group>";
		};
		D700A52D2517535F002F3D54 /* View */ = {
			isa = PBXGroup;
			children = (
				D700A51E25175353002F3D54 /* Main.storyboard */,
				D700A53F25178B03002F3D54 /* PropertyCell.swift */,
				D700A54025178B03002F3D54 /* PropertyCell.xib */,
			);
			path = View;
			sourceTree = "<group>";
		};
		D700A52E25175364002F3D54 /* Controller */ = {
			isa = PBXGroup;
			children = (
				D700A51C25175353002F3D54 /* MainViewController.swift */,
				D700A54325178D41002F3D54 /* PropertiesViewController.swift */,
				D700A54B2517C0B5002F3D54 /* CookingViewController.swift */,
				D700A52F2517761E002F3D54 /* HistoryViewController.swift */,
				D700A53125177B8C002F3D54 /* DetailsViewController.swift */,
				D73875B7251FC7A4009A575A /* SwipeTableViewController.swift */,
			);
			path = Controller;
			sourceTree = "<group>";
		};
		D7E748EF2520938D008C98EE /* Sounds */ = {
			isa = PBXGroup;
			children = (
				D7E748F025209398008C98EE /* bell.wav */,
			);
			path = Sounds;
			sourceTree = "<group>";
		};
/* End PBXGroup section */

/* Begin PBXNativeTarget section */
		D700A51425175353002F3D54 /* Steaker */ = {
			isa = PBXNativeTarget;
			buildConfigurationList = D700A52925175355002F3D54 /* Build configuration list for PBXNativeTarget "Steaker" */;
			buildPhases = (
				57EB4786B0CD8404EE5FCB6B /* [CP] Check Pods Manifest.lock */,
				D700A51125175353002F3D54 /* Sources */,
				D700A51225175353002F3D54 /* Frameworks */,
				D700A51325175353002F3D54 /* Resources */,
				43034934E4ABC92D0B776137 /* [CP] Embed Pods Frameworks */,
			);
			buildRules = (
			);
			dependencies = (
			);
			name = Steaker;
			productName = Steaker;
			productReference = D700A51525175353002F3D54 /* Steaker.app */;
			productType = "com.apple.product-type.application";
		};
/* End PBXNativeTarget section */

/* Begin PBXProject section */
		D700A50D25175353002F3D54 /* Project object */ = {
			isa = PBXProject;
			attributes = {
				LastSwiftUpdateCheck = 1160;
				LastUpgradeCheck = 1160;
				ORGANIZATIONNAME = "Paweł Pietrzyk";
				TargetAttributes = {
					D700A51425175353002F3D54 = {
						CreatedOnToolsVersion = 11.6;
					};
				};
			};
			buildConfigurationList = D700A51025175353002F3D54 /* Build configuration list for PBXProject "Steaker" */;
			compatibilityVersion = "Xcode 9.3";
			developmentRegion = en;
			hasScannedForEncodings = 0;
			knownRegions = (
				en,
				Base,
			);
			mainGroup = D700A50C25175353002F3D54;
			productRefGroup = D700A51625175353002F3D54 /* Products */;
			projectDirPath = "";
			projectRoot = "";
			targets = (
				D700A51425175353002F3D54 /* Steaker */,
			);
		};
/* End PBXProject section */

/* Begin PBXResourcesBuildPhase section */
		D700A51325175353002F3D54 /* Resources */ = {
			isa = PBXResourcesBuildPhase;
			buildActionMask = 2147483647;
			files = (
				D7E748F125209398008C98EE /* bell.wav in Resources */,
				D700A52525175355002F3D54 /* LaunchScreen.storyboard in Resources */,
				D700A52225175355002F3D54 /* Assets.xcassets in Resources */,
				D700A54225178B03002F3D54 /* PropertyCell.xib in Resources */,
				519666CD252E234900BC78D2 /* Uwagi.strings in Resources */,
				D700A52025175353002F3D54 /* Main.storyboard in Resources */,
			);
			runOnlyForDeploymentPostprocessing = 0;
		};
/* End PBXResourcesBuildPhase section */

/* Begin PBXShellScriptBuildPhase section */
		43034934E4ABC92D0B776137 /* [CP] Embed Pods Frameworks */ = {
			isa = PBXShellScriptBuildPhase;
			buildActionMask = 2147483647;
			files = (
			);
			inputFileListPaths = (
				"${PODS_ROOT}/Target Support Files/Pods-Steaker/Pods-Steaker-frameworks-${CONFIGURATION}-input-files.xcfilelist",
			);
			name = "[CP] Embed Pods Frameworks";
			outputFileListPaths = (
				"${PODS_ROOT}/Target Support Files/Pods-Steaker/Pods-Steaker-frameworks-${CONFIGURATION}-output-files.xcfilelist",
			);
			runOnlyForDeploymentPostprocessing = 0;
			shellPath = /bin/sh;
			shellScript = "\"${PODS_ROOT}/Target Support Files/Pods-Steaker/Pods-Steaker-frameworks.sh\"\n";
			showEnvVarsInLog = 0;
		};
		57EB4786B0CD8404EE5FCB6B /* [CP] Check Pods Manifest.lock */ = {
			isa = PBXShellScriptBuildPhase;
			buildActionMask = 2147483647;
			files = (
			);
			inputFileListPaths = (
			);
			inputPaths = (
				"${PODS_PODFILE_DIR_PATH}/Podfile.lock",
				"${PODS_ROOT}/Manifest.lock",
			);
			name = "[CP] Check Pods Manifest.lock";
			outputFileListPaths = (
			);
			outputPaths = (
				"$(DERIVED_FILE_DIR)/Pods-Steaker-checkManifestLockResult.txt",
			);
			runOnlyForDeploymentPostprocessing = 0;
			shellPath = /bin/sh;
			shellScript = "diff \"${PODS_PODFILE_DIR_PATH}/Podfile.lock\" \"${PODS_ROOT}/Manifest.lock\" > /dev/null\nif [ $? != 0 ] ; then\n    # print error to STDERR\n    echo \"error: The sandbox is not in sync with the Podfile.lock. Run 'pod install' or update your CocoaPods installation.\" >&2\n    exit 1\nfi\n# This output is used by Xcode 'outputs' to avoid re-running this script phase.\necho \"SUCCESS\" > \"${SCRIPT_OUTPUT_FILE_0}\"\n";
			showEnvVarsInLog = 0;
		};
/* End PBXShellScriptBuildPhase section */

/* Begin PBXSourcesBuildPhase section */
		D700A51125175353002F3D54 /* Sources */ = {
			isa = PBXSourcesBuildPhase;
			buildActionMask = 2147483647;
			files = (
				D700A54625178D76002F3D54 /* Property.swift in Sources */,
				D700A54C2517C0B5002F3D54 /* CookingViewController.swift in Sources */,
				D700A51D25175353002F3D54 /* MainViewController.swift in Sources */,
				D700A54125178B03002F3D54 /* PropertyCell.swift in Sources */,
				D7E99AF62537488500A48292 /* TextAlert.swift in Sources */,
				D700A5482517995A002F3D54 /* PropertyFactory.swift in Sources */,
				D700A51925175353002F3D54 /* AppDelegate.swift in Sources */,
				D7C5E65625189F2C00A9F2D4 /* History.swift in Sources */,
				D700A51B25175353002F3D54 /* SceneDelegate.swift in Sources */,
				D700A53625177FB0002F3D54 /* Constants.swift in Sources */,
				D7E99AF42537459200A48292 /* RealmManager.swift in Sources */,
				D7E99AFD25377BF100A48292 /* AlertTextField.swift in Sources */,
				D700A5302517761E002F3D54 /* HistoryViewController.swift in Sources */,
				D73875B8251FC7A4009A575A /* SwipeTableViewController.swift in Sources */,
				513E9A0F25371F9400FB9093 /* UIButtonExtension.swift in Sources */,
				D700A54425178D41002F3D54 /* PropertiesViewController.swift in Sources */,
				D7ABA4DA251D27EF004712E5 /* HistoryItem.swift in Sources */,
				D700A53225177B8C002F3D54 /* DetailsViewController.swift in Sources */,
			);
			runOnlyForDeploymentPostprocessing = 0;
		};
/* End PBXSourcesBuildPhase section */

/* Begin PBXVariantGroup section */
		D700A51E25175353002F3D54 /* Main.storyboard */ = {
			isa = PBXVariantGroup;
			children = (
				D700A51F25175353002F3D54 /* Base */,
			);
			name = Main.storyboard;
			sourceTree = "<group>";
		};
		D700A52325175355002F3D54 /* LaunchScreen.storyboard */ = {
			isa = PBXVariantGroup;
			children = (
				D700A52425175355002F3D54 /* Base */,
			);
			name = LaunchScreen.storyboard;
			sourceTree = "<group>";
		};
/* End PBXVariantGroup section */

/* Begin XCBuildConfiguration section */
		D700A52725175355002F3D54 /* Debug */ = {
			isa = XCBuildConfiguration;
			buildSettings = {
				ALWAYS_SEARCH_USER_PATHS = NO;
				CLANG_ANALYZER_NONNULL = YES;
				CLANG_ANALYZER_NUMBER_OBJECT_CONVERSION = YES_AGGRESSIVE;
				CLANG_CXX_LANGUAGE_STANDARD = "gnu++14";
				CLANG_CXX_LIBRARY = "libc++";
				CLANG_ENABLE_MODULES = YES;
				CLANG_ENABLE_OBJC_ARC = YES;
				CLANG_ENABLE_OBJC_WEAK = YES;
				CLANG_WARN_BLOCK_CAPTURE_AUTORELEASING = YES;
				CLANG_WARN_BOOL_CONVERSION = YES;
				CLANG_WARN_COMMA = YES;
				CLANG_WARN_CONSTANT_CONVERSION = YES;
				CLANG_WARN_DEPRECATED_OBJC_IMPLEMENTATIONS = YES;
				CLANG_WARN_DIRECT_OBJC_ISA_USAGE = YES_ERROR;
				CLANG_WARN_DOCUMENTATION_COMMENTS = YES;
				CLANG_WARN_EMPTY_BODY = YES;
				CLANG_WARN_ENUM_CONVERSION = YES;
				CLANG_WARN_INFINITE_RECURSION = YES;
				CLANG_WARN_INT_CONVERSION = YES;
				CLANG_WARN_NON_LITERAL_NULL_CONVERSION = YES;
				CLANG_WARN_OBJC_IMPLICIT_RETAIN_SELF = YES;
				CLANG_WARN_OBJC_LITERAL_CONVERSION = YES;
				CLANG_WARN_OBJC_ROOT_CLASS = YES_ERROR;
				CLANG_WARN_RANGE_LOOP_ANALYSIS = YES;
				CLANG_WARN_STRICT_PROTOTYPES = YES;
				CLANG_WARN_SUSPICIOUS_MOVE = YES;
				CLANG_WARN_UNGUARDED_AVAILABILITY = YES_AGGRESSIVE;
				CLANG_WARN_UNREACHABLE_CODE = YES;
				CLANG_WARN__DUPLICATE_METHOD_MATCH = YES;
				COPY_PHASE_STRIP = NO;
				DEBUG_INFORMATION_FORMAT = dwarf;
				ENABLE_STRICT_OBJC_MSGSEND = YES;
				ENABLE_TESTABILITY = YES;
				GCC_C_LANGUAGE_STANDARD = gnu11;
				GCC_DYNAMIC_NO_PIC = NO;
				GCC_NO_COMMON_BLOCKS = YES;
				GCC_OPTIMIZATION_LEVEL = 0;
				GCC_PREPROCESSOR_DEFINITIONS = (
					"DEBUG=1",
					"$(inherited)",
				);
				GCC_WARN_64_TO_32_BIT_CONVERSION = YES;
				GCC_WARN_ABOUT_RETURN_TYPE = YES_ERROR;
				GCC_WARN_UNDECLARED_SELECTOR = YES;
				GCC_WARN_UNINITIALIZED_AUTOS = YES_AGGRESSIVE;
				GCC_WARN_UNUSED_FUNCTION = YES;
				GCC_WARN_UNUSED_VARIABLE = YES;
				IPHONEOS_DEPLOYMENT_TARGET = 13.6;
				MTL_ENABLE_DEBUG_INFO = INCLUDE_SOURCE;
				MTL_FAST_MATH = YES;
				ONLY_ACTIVE_ARCH = YES;
				SDKROOT = iphoneos;
				SWIFT_ACTIVE_COMPILATION_CONDITIONS = DEBUG;
				SWIFT_OPTIMIZATION_LEVEL = "-Onone";
			};
			name = Debug;
		};
		D700A52825175355002F3D54 /* Release */ = {
			isa = XCBuildConfiguration;
			buildSettings = {
				ALWAYS_SEARCH_USER_PATHS = NO;
				CLANG_ANALYZER_NONNULL = YES;
				CLANG_ANALYZER_NUMBER_OBJECT_CONVERSION = YES_AGGRESSIVE;
				CLANG_CXX_LANGUAGE_STANDARD = "gnu++14";
				CLANG_CXX_LIBRARY = "libc++";
				CLANG_ENABLE_MODULES = YES;
				CLANG_ENABLE_OBJC_ARC = YES;
				CLANG_ENABLE_OBJC_WEAK = YES;
				CLANG_WARN_BLOCK_CAPTURE_AUTORELEASING = YES;
				CLANG_WARN_BOOL_CONVERSION = YES;
				CLANG_WARN_COMMA = YES;
				CLANG_WARN_CONSTANT_CONVERSION = YES;
				CLANG_WARN_DEPRECATED_OBJC_IMPLEMENTATIONS = YES;
				CLANG_WARN_DIRECT_OBJC_ISA_USAGE = YES_ERROR;
				CLANG_WARN_DOCUMENTATION_COMMENTS = YES;
				CLANG_WARN_EMPTY_BODY = YES;
				CLANG_WARN_ENUM_CONVERSION = YES;
				CLANG_WARN_INFINITE_RECURSION = YES;
				CLANG_WARN_INT_CONVERSION = YES;
				CLANG_WARN_NON_LITERAL_NULL_CONVERSION = YES;
				CLANG_WARN_OBJC_IMPLICIT_RETAIN_SELF = YES;
				CLANG_WARN_OBJC_LITERAL_CONVERSION = YES;
				CLANG_WARN_OBJC_ROOT_CLASS = YES_ERROR;
				CLANG_WARN_RANGE_LOOP_ANALYSIS = YES;
				CLANG_WARN_STRICT_PROTOTYPES = YES;
				CLANG_WARN_SUSPICIOUS_MOVE = YES;
				CLANG_WARN_UNGUARDED_AVAILABILITY = YES_AGGRESSIVE;
				CLANG_WARN_UNREACHABLE_CODE = YES;
				CLANG_WARN__DUPLICATE_METHOD_MATCH = YES;
				COPY_PHASE_STRIP = NO;
				DEBUG_INFORMATION_FORMAT = "dwarf-with-dsym";
				ENABLE_NS_ASSERTIONS = NO;
				ENABLE_STRICT_OBJC_MSGSEND = YES;
				GCC_C_LANGUAGE_STANDARD = gnu11;
				GCC_NO_COMMON_BLOCKS = YES;
				GCC_WARN_64_TO_32_BIT_CONVERSION = YES;
				GCC_WARN_ABOUT_RETURN_TYPE = YES_ERROR;
				GCC_WARN_UNDECLARED_SELECTOR = YES;
				GCC_WARN_UNINITIALIZED_AUTOS = YES_AGGRESSIVE;
				GCC_WARN_UNUSED_FUNCTION = YES;
				GCC_WARN_UNUSED_VARIABLE = YES;
				IPHONEOS_DEPLOYMENT_TARGET = 13.6;
				MTL_ENABLE_DEBUG_INFO = NO;
				MTL_FAST_MATH = YES;
				SDKROOT = iphoneos;
				SWIFT_COMPILATION_MODE = wholemodule;
				SWIFT_OPTIMIZATION_LEVEL = "-O";
				VALIDATE_PRODUCT = YES;
			};
			name = Release;
		};
		D700A52A25175355002F3D54 /* Debug */ = {
			isa = XCBuildConfiguration;
			baseConfigurationReference = 2B1606C577821610F3FF6317 /* Pods-Steaker.debug.xcconfig */;
			buildSettings = {
				ASSETCATALOG_COMPILER_APPICON_NAME = AppIcon;
				CODE_SIGN_STYLE = Automatic;
				DEVELOPMENT_TEAM = WVTUH5DZVD;
				INFOPLIST_FILE = Steaker/Info.plist;
				LD_RUNPATH_SEARCH_PATHS = (
					"$(inherited)",
					"@executable_path/Frameworks",
				);
				PRODUCT_BUNDLE_IDENTIFIER = com.PawelMP.Steaker;
				PRODUCT_NAME = "$(TARGET_NAME)";
				SWIFT_VERSION = 5.0;
				TARGETED_DEVICE_FAMILY = "1,2";
			};
			name = Debug;
		};
		D700A52B25175355002F3D54 /* Release */ = {
			isa = XCBuildConfiguration;
			baseConfigurationReference = F5F0D2512BA19539294653BD /* Pods-Steaker.release.xcconfig */;
			buildSettings = {
				ASSETCATALOG_COMPILER_APPICON_NAME = AppIcon;
				CODE_SIGN_STYLE = Automatic;
				DEVELOPMENT_TEAM = WVTUH5DZVD;
				INFOPLIST_FILE = Steaker/Info.plist;
				LD_RUNPATH_SEARCH_PATHS = (
					"$(inherited)",
					"@executable_path/Frameworks",
				);
				PRODUCT_BUNDLE_IDENTIFIER = com.PawelMP.Steaker;
				PRODUCT_NAME = "$(TARGET_NAME)";
				SWIFT_VERSION = 5.0;
				TARGETED_DEVICE_FAMILY = "1,2";
			};
			name = Release;
		};
/* End XCBuildConfiguration section */

/* Begin XCConfigurationList section */
		D700A51025175353002F3D54 /* Build configuration list for PBXProject "Steaker" */ = {
			isa = XCConfigurationList;
			buildConfigurations = (
				D700A52725175355002F3D54 /* Debug */,
				D700A52825175355002F3D54 /* Release */,
			);
			defaultConfigurationIsVisible = 0;
			defaultConfigurationName = Release;
		};
		D700A52925175355002F3D54 /* Build configuration list for PBXNativeTarget "Steaker" */ = {
			isa = XCConfigurationList;
			buildConfigurations = (
				D700A52A25175355002F3D54 /* Debug */,
				D700A52B25175355002F3D54 /* Release */,
			);
			defaultConfigurationIsVisible = 0;
			defaultConfigurationName = Release;
		};
/* End XCConfigurationList section */
	};
	rootObject = D700A50D25175353002F3D54 /* Project object */;
}
